
Microsoft Visual Studio Solution File, Format Version 12.00
# Visual Studio Version 16
VisualStudioVersion = 16.0.30128.74
MinimumVisualStudioVersion = 10.0.40219.1
Project("{FAE04EC0-301F-11D3-BF4B-00C04F79EFBC}") = "WebApiExample", "WebApiExample\WebApiExample.csproj", "{467C4FB6-D5CC-4874-B45F-CB5D16FA501B}"
EndProject
Global
	GlobalSection(SolutionConfigurationPlatforms) = preSolution
		Debug|Any CPU = Debug|Any CPU
		Release|Any CPU = Release|Any CPU
	EndGlobalSection
	GlobalSection(ProjectConfigurationPlatforms) = postSolution
		{467C4FB6-D5CC-4874-B45F-CB5D16FA501B}.Debug|Any CPU.ActiveCfg = Debug|Any CPU
		{467C4FB6-D5CC-4874-B45F-CB5D16FA501B}.Debug|Any CPU.Build.0 = Debug|Any CPU
		{467C4FB6-D5CC-4874-B45F-CB5D16FA501B}.Release|Any CPU.ActiveCfg = Release|Any CPU
		{467C4FB6-D5CC-4874-B45F-CB5D16FA501B}.Release|Any CPU.Build.0 = Release|Any CPU
	EndGlobalSection
	GlobalSection(SolutionProperties) = preSolution
		HideSolutionNode = FALSE
	EndGlobalSection
	GlobalSection(ExtensibilityGlobals) = postSolution
		SolutionGuid = {8968422B-19D3-4D96-A647-82DE8F79DB77}
	EndGlobalSection
EndGlobal
